# This file is automatically @generated by Cargo.
# It is not intended for manual editing.
version = 4

[[package]]
name = "bar"
version = "2.0.0"
dependencies = [
 "baz",
]

[[package]]
name = "baz"
version = "0.1.0"

[[package]]
name = "foo"
version = "1.0.0"
dependencies = [
 "baz",
]

[[package]]
name = "my-crate"
version = "0.1.0"
dependencies = [
 "bar",
 "foo",
]

[[package]]
name = "your-crate"
version = "0.1.0"
dependencies = [
 "baz",
]
